
Microsoft Visual Studio Solution File, Format Version 12.00
# Visual Studio Version 16
VisualStudioVersion = 16.0.28917.181
MinimumVisualStudioVersion = 10.0.40219.1
Project("{FAE04EC0-301F-11D3-BF4B-00C04F79EFBC}") = "FIGURAGEOMETRICA", "ConsoleApp2\FIGURAGEOMETRICA.csproj", "{E00A5CDE-9B06-4635-B02C-36CC1836A777}"
EndProject
Global
	GlobalSection(SolutionConfigurationPlatforms) = preSolution
		Debug|Any CPU = Debug|Any CPU
		Release|Any CPU = Release|Any CPU
	EndGlobalSection
	GlobalSection(ProjectConfigurationPlatforms) = postSolution
		{E00A5CDE-9B06-4635-B02C-36CC1836A777}.Debug|Any CPU.ActiveCfg = Debug|Any CPU
		{E00A5CDE-9B06-4635-B02C-36CC1836A777}.Debug|Any CPU.Build.0 = Debug|Any CPU
		{E00A5CDE-9B06-4635-B02C-36CC1836A777}.Release|Any CPU.ActiveCfg = Release|Any CPU
		{E00A5CDE-9B06-4635-B02C-36CC1836A777}.Release|Any CPU.Build.0 = Release|Any CPU
	EndGlobalSection
	GlobalSection(SolutionProperties) = preSolution
		HideSolutionNode = FALSE
	EndGlobalSection
	GlobalSection(ExtensibilityGlobals) = postSolution
		SolutionGuid = {B0BEA6BD-0A81-46A4-9616-0CB255274BD8}
	EndGlobalSection
EndGlobal
