
Microsoft Visual Studio Solution File, Format Version 12.00
# Visual Studio Version 16
VisualStudioVersion = 16.0.28803.352
MinimumVisualStudioVersion = 10.0.40219.1
Project("{FAE04EC0-301F-11D3-BF4B-00C04F79EFBC}") = "EJERCICIO1", "EJERCICIO1\EJERCICIO1.csproj", "{340C6938-5816-4125-BDC9-23ACB597A1C9}"
EndProject
Global
	GlobalSection(SolutionConfigurationPlatforms) = preSolution
		Debug|Any CPU = Debug|Any CPU
		Release|Any CPU = Release|Any CPU
	EndGlobalSection
	GlobalSection(ProjectConfigurationPlatforms) = postSolution
		{340C6938-5816-4125-BDC9-23ACB597A1C9}.Debug|Any CPU.ActiveCfg = Debug|Any CPU
		{340C6938-5816-4125-BDC9-23ACB597A1C9}.Debug|Any CPU.Build.0 = Debug|Any CPU
		{340C6938-5816-4125-BDC9-23ACB597A1C9}.Release|Any CPU.ActiveCfg = Release|Any CPU
		{340C6938-5816-4125-BDC9-23ACB597A1C9}.Release|Any CPU.Build.0 = Release|Any CPU
	EndGlobalSection
	GlobalSection(SolutionProperties) = preSolution
		HideSolutionNode = FALSE
	EndGlobalSection
	GlobalSection(ExtensibilityGlobals) = postSolution
		SolutionGuid = {BB6EB0D1-AF02-413E-A2A7-78999CE251C6}
	EndGlobalSection
EndGlobal
